
Microsoft Visual Studio Solution File, Format Version 12.00
# Visual Studio Version 16
VisualStudioVersion = 16.0.30621.155
MinimumVisualStudioVersion = 10.0.40219.1
Project("{FAE04EC0-301F-11D3-BF4B-00C04F79EFBC}") = "Fuvar", "Fuvar.csproj", "{FAE21F39-7E34-4008-AABA-C94C83ADCE99}"
EndProject
Global
	GlobalSection(SolutionConfigurationPlatforms) = preSolution
		Debug|Any CPU = Debug|Any CPU
		Release|Any CPU = Release|Any CPU
	EndGlobalSection
	GlobalSection(ProjectConfigurationPlatforms) = postSolution
		{FAE21F39-7E34-4008-AABA-C94C83ADCE99}.Debug|Any CPU.ActiveCfg = Debug|Any CPU
		{FAE21F39-7E34-4008-AABA-C94C83ADCE99}.Debug|Any CPU.Build.0 = Debug|Any CPU
		{FAE21F39-7E34-4008-AABA-C94C83ADCE99}.Release|Any CPU.ActiveCfg = Release|Any CPU
		{FAE21F39-7E34-4008-AABA-C94C83ADCE99}.Release|Any CPU.Build.0 = Release|Any CPU
	EndGlobalSection
	GlobalSection(SolutionProperties) = preSolution
		HideSolutionNode = FALSE
	EndGlobalSection
	GlobalSection(ExtensibilityGlobals) = postSolution
		SolutionGuid = {437DD404-901D-463D-B35E-B3047CC47F65}
	EndGlobalSection
EndGlobal
